// !$*UTF8*$!
{
	archiveVersion = 1;
	classes = {
	};
	objectVersion = 56;
	objects = {

/* Begin PBXBuildFile section */
		DA2753822A3070390096B177 /* AppDelegate.swift in Sources */ = {isa = PBXBuildFile; fileRef = DA2753812A3070390096B177 /* AppDelegate.swift */; };
		DA2753842A3070390096B177 /* SceneDelegate.swift in Sources */ = {isa = PBXBuildFile; fileRef = DA2753832A3070390096B177 /* SceneDelegate.swift */; };
		DA2753892A3070390096B177 /* Main.storyboard in Resources */ = {isa = PBXBuildFile; fileRef = DA2753872A3070390096B177 /* Main.storyboard */; };
		DA27538B2A30703B0096B177 /* Assets.xcassets in Resources */ = {isa = PBXBuildFile; fileRef = DA27538A2A30703B0096B177 /* Assets.xcassets */; };
		DA27538E2A30703B0096B177 /* LaunchScreen.storyboard in Resources */ = {isa = PBXBuildFile; fileRef = DA27538C2A30703B0096B177 /* LaunchScreen.storyboard */; };
		DA27539C2A31655A0096B177 /* HorizontalScrollView.swift in Sources */ = {isa = PBXBuildFile; fileRef = DA27539B2A31655A0096B177 /* HorizontalScrollView.swift */; };
		DA27539E2A3165790096B177 /* HorizontalScrollHostingController.swift in Sources */ = {isa = PBXBuildFile; fileRef = DA27539D2A3165790096B177 /* HorizontalScrollHostingController.swift */; };
		DA2753A02A316C430096B177 /* MainViewController.swift in Sources */ = {isa = PBXBuildFile; fileRef = DA27539F2A316C430096B177 /* MainViewController.swift */; };
		DA2753A32A316DF00096B177 /* UIViewController+Extension.swift in Sources */ = {isa = PBXBuildFile; fileRef = DA2753A22A316DF00096B177 /* UIViewController+Extension.swift */; };
		DA2753A52A316E7D0096B177 /* HorizontalScrollViewController.swift in Sources */ = {isa = PBXBuildFile; fileRef = DA2753A42A316E7D0096B177 /* HorizontalScrollViewController.swift */; };
		DAFF06752A32FC57006E57D5 /* CardView.swift in Sources */ = {isa = PBXBuildFile; fileRef = DAFF06742A32FC57006E57D5 /* CardView.swift */; };
		DAFF06782A32FCFA006E57D5 /* Then in Frameworks */ = {isa = PBXBuildFile; productRef = DAFF06772A32FCFA006E57D5 /* Then */; };
		DAFF067B2A32FD0B006E57D5 /* SnapKit in Frameworks */ = {isa = PBXBuildFile; productRef = DAFF067A2A32FD0B006E57D5 /* SnapKit */; };
		DAFF067D2A32FD66006E57D5 /* UIVIew+Extension.swift in Sources */ = {isa = PBXBuildFile; fileRef = DAFF067C2A32FD66006E57D5 /* UIVIew+Extension.swift */; };
		DAFF068B2A36E5E1006E57D5 /* Color+Ext.swift in Sources */ = {isa = PBXBuildFile; fileRef = DAFF068A2A36E5E1006E57D5 /* Color+Ext.swift */; };
		DAFF068D2A36E5F9006E57D5 /* PageControl.swift in Sources */ = {isa = PBXBuildFile; fileRef = DAFF068C2A36E5F9006E57D5 /* PageControl.swift */; };
		DAFF06912A36E60C006E57D5 /* AdaptivePagingScrollView.swift in Sources */ = {isa = PBXBuildFile; fileRef = DAFF06902A36E60C006E57D5 /* AdaptivePagingScrollView.swift */; };
		DAFF06992A36FEA4006E57D5 /* ImageCardView.swift in Sources */ = {isa = PBXBuildFile; fileRef = DAFF06982A36FEA4006E57D5 /* ImageCardView.swift */; };
		DAFF069F2A395B0A006E57D5 /* CardCollectionViewFlow.swift in Sources */ = {isa = PBXBuildFile; fileRef = DAFF069E2A395B0A006E57D5 /* CardCollectionViewFlow.swift */; };
/* End PBXBuildFile section */

/* Begin PBXFileReference section */
		DA27537E2A3070390096B177 /* HorizontalScrollView.app */ = {isa = PBXFileReference; explicitFileType = wrapper.application; includeInIndex = 0; path = HorizontalScrollView.app; sourceTree = BUILT_PRODUCTS_DIR; };
		DA2753812A3070390096B177 /* AppDelegate.swift */ = {isa = PBXFileReference; lastKnownFileType = sourcecode.swift; path = AppDelegate.swift; sourceTree = "<group>"; };
		DA2753832A3070390096B177 /* SceneDelegate.swift */ = {isa = PBXFileReference; lastKnownFileType = sourcecode.swift; path = SceneDelegate.swift; sourceTree = "<group>"; };
		DA2753882A3070390096B177 /* Base */ = {isa = PBXFileReference; lastKnownFileType = file.storyboard; name = Base; path = Base.lproj/Main.storyboard; sourceTree = "<group>"; };
		DA27538A2A30703B0096B177 /* Assets.xcassets */ = {isa = PBXFileReference; lastKnownFileType = folder.assetcatalog; path = Assets.xcassets; sourceTree = "<group>"; };
		DA27538D2A30703B0096B177 /* Base */ = {isa = PBXFileReference; lastKnownFileType = file.storyboard; name = Base; path = Base.lproj/LaunchScreen.storyboard; sourceTree = "<group>"; };
		DA27538F2A30703B0096B177 /* Info.plist */ = {isa = PBXFileReference; lastKnownFileType = text.plist.xml; path = Info.plist; sourceTree = "<group>"; };
		DA27539B2A31655A0096B177 /* HorizontalScrollView.swift */ = {isa = PBXFileReference; lastKnownFileType = sourcecode.swift; path = HorizontalScrollView.swift; sourceTree = "<group>"; };
		DA27539D2A3165790096B177 /* HorizontalScrollHostingController.swift */ = {isa = PBXFileReference; lastKnownFileType = sourcecode.swift; path = HorizontalScrollHostingController.swift; sourceTree = "<group>"; };
		DA27539F2A316C430096B177 /* MainViewController.swift */ = {isa = PBXFileReference; lastKnownFileType = sourcecode.swift; path = MainViewController.swift; sourceTree = "<group>"; };
		DA2753A22A316DF00096B177 /* UIViewController+Extension.swift */ = {isa = PBXFileReference; lastKnownFileType = sourcecode.swift; path = "UIViewController+Extension.swift"; sourceTree = "<group>"; };
		DA2753A42A316E7D0096B177 /* HorizontalScrollViewController.swift */ = {isa = PBXFileReference; lastKnownFileType = sourcecode.swift; path = HorizontalScrollViewController.swift; sourceTree = "<group>"; };
		DAFF06742A32FC57006E57D5 /* CardView.swift */ = {isa = PBXFileReference; lastKnownFileType = sourcecode.swift; path = CardView.swift; sourceTree = "<group>"; };
		DAFF067C2A32FD66006E57D5 /* UIVIew+Extension.swift */ = {isa = PBXFileReference; lastKnownFileType = sourcecode.swift; path = "UIVIew+Extension.swift"; sourceTree = "<group>"; };
		DAFF068A2A36E5E1006E57D5 /* Color+Ext.swift */ = {isa = PBXFileReference; fileEncoding = 4; lastKnownFileType = sourcecode.swift; path = "Color+Ext.swift"; sourceTree = "<group>"; };
		DAFF068C2A36E5F9006E57D5 /* PageControl.swift */ = {isa = PBXFileReference; fileEncoding = 4; lastKnownFileType = sourcecode.swift; path = PageControl.swift; sourceTree = "<group>"; };
		DAFF06902A36E60C006E57D5 /* AdaptivePagingScrollView.swift */ = {isa = PBXFileReference; fileEncoding = 4; lastKnownFileType = sourcecode.swift; name = AdaptivePagingScrollView.swift; path = HorizontalScrollView/SwiftUI/Paging/AdaptivePagingScrollView.swift; sourceTree = SOURCE_ROOT; };
		DAFF06982A36FEA4006E57D5 /* ImageCardView.swift */ = {isa = PBXFileReference; lastKnownFileType = sourcecode.swift; path = ImageCardView.swift; sourceTree = "<group>"; };
		DAFF069E2A395B0A006E57D5 /* CardCollectionViewFlow.swift */ = {isa = PBXFileReference; lastKnownFileType = sourcecode.swift; path = CardCollectionViewFlow.swift; sourceTree = "<group>"; };
/* End PBXFileReference section */

/* Begin PBXFrameworksBuildPhase section */
		DA27537B2A3070390096B177 /* Frameworks */ = {
			isa = PBXFrameworksBuildPhase;
			buildActionMask = 2147483647;
			files = (
				DAFF06782A32FCFA006E57D5 /* Then in Frameworks */,
				DAFF067B2A32FD0B006E57D5 /* SnapKit in Frameworks */,
			);
			runOnlyForDeploymentPostprocessing = 0;
		};
/* End PBXFrameworksBuildPhase section */

/* Begin PBXGroup section */
		DA2753752A3070390096B177 = {
			isa = PBXGroup;
			children = (
				DA2753802A3070390096B177 /* HorizontalScrollView */,
				DA27537F2A3070390096B177 /* Products */,
			);
			sourceTree = "<group>";
		};
		DA27537F2A3070390096B177 /* Products */ = {
			isa = PBXGroup;
			children = (
				DA27537E2A3070390096B177 /* HorizontalScrollView.app */,
			);
			name = Products;
			sourceTree = "<group>";
		};
		DA2753802A3070390096B177 /* HorizontalScrollView */ = {
			isa = PBXGroup;
			children = (
				DA2753962A3162520096B177 /* UIKit */,
				DA2753952A3162250096B177 /* SwiftUI */,
				DA2753812A3070390096B177 /* AppDelegate.swift */,
				DA2753832A3070390096B177 /* SceneDelegate.swift */,
				DA2753872A3070390096B177 /* Main.storyboard */,
				DA27538A2A30703B0096B177 /* Assets.xcassets */,
				DA27538C2A30703B0096B177 /* LaunchScreen.storyboard */,
				DA27538F2A30703B0096B177 /* Info.plist */,
			);
			path = HorizontalScrollView;
			sourceTree = "<group>";
		};
		DA2753952A3162250096B177 /* SwiftUI */ = {
			isa = PBXGroup;
			children = (
				DAFF069B2A3700CD006E57D5 /* Paging */,
				DAFF069A2A3700AC006E57D5 /* Extensions */,
				DAFF06732A32FC1B006E57D5 /* Views */,
				DAFF06722A32FC0D006E57D5 /* HostingControllers */,
			);
			path = SwiftUI;
			sourceTree = "<group>";
		};
		DA2753962A3162520096B177 /* UIKit */ = {
			isa = PBXGroup;
			children = (
				DA2753A12A316DC40096B177 /* Extensions */,
				DAFF06712A32FC05006E57D5 /* Views */,
				DAFF06702A32FBF6006E57D5 /* ViewControllers */,
			);
			path = UIKit;
			sourceTree = "<group>";
		};
		DA2753A12A316DC40096B177 /* Extensions */ = {
			isa = PBXGroup;
			children = (
				DA2753A22A316DF00096B177 /* UIViewController+Extension.swift */,
				DAFF067C2A32FD66006E57D5 /* UIVIew+Extension.swift */,
			);
			path = Extensions;
			sourceTree = "<group>";
		};
		DAFF06702A32FBF6006E57D5 /* ViewControllers */ = {
			isa = PBXGroup;
			children = (
				DA27539F2A316C430096B177 /* MainViewController.swift */,
				DA2753A42A316E7D0096B177 /* HorizontalScrollViewController.swift */,
			);
			path = ViewControllers;
			sourceTree = "<group>";
		};
		DAFF06712A32FC05006E57D5 /* Views */ = {
			isa = PBXGroup;
			children = (
				DAFF06742A32FC57006E57D5 /* CardView.swift */,
				DAFF069E2A395B0A006E57D5 /* CardCollectionViewFlow.swift */,
			);
			path = Views;
			sourceTree = "<group>";
		};
		DAFF06722A32FC0D006E57D5 /* HostingControllers */ = {
			isa = PBXGroup;
			children = (
				DA27539D2A3165790096B177 /* HorizontalScrollHostingController.swift */,
			);
			path = HostingControllers;
			sourceTree = "<group>";
		};
		DAFF06732A32FC1B006E57D5 /* Views */ = {
			isa = PBXGroup;
			children = (
				DA27539B2A31655A0096B177 /* HorizontalScrollView.swift */,
				DAFF06982A36FEA4006E57D5 /* ImageCardView.swift */,
			);
			path = Views;
			sourceTree = "<group>";
		};
		DAFF069A2A3700AC006E57D5 /* Extensions */ = {
			isa = PBXGroup;
			children = (
				DAFF068A2A36E5E1006E57D5 /* Color+Ext.swift */,
			);
			path = Extensions;
			sourceTree = "<group>";
		};
		DAFF069B2A3700CD006E57D5 /* Paging */ = {
			isa = PBXGroup;
			children = (
				DAFF068C2A36E5F9006E57D5 /* PageControl.swift */,
				DAFF06902A36E60C006E57D5 /* AdaptivePagingScrollView.swift */,
			);
			path = Paging;
			sourceTree = "<group>";
		};
/* End PBXGroup section */

/* Begin PBXNativeTarget section */
		DA27537D2A3070390096B177 /* HorizontalScrollView */ = {
			isa = PBXNativeTarget;
			buildConfigurationList = DA2753922A30703B0096B177 /* Build configuration list for PBXNativeTarget "HorizontalScrollView" */;
			buildPhases = (
				DA27537A2A3070390096B177 /* Sources */,
				DA27537B2A3070390096B177 /* Frameworks */,
				DA27537C2A3070390096B177 /* Resources */,
			);
			buildRules = (
			);
			dependencies = (
			);
			name = HorizontalScrollView;
			packageProductDependencies = (
				DAFF06772A32FCFA006E57D5 /* Then */,
				DAFF067A2A32FD0B006E57D5 /* SnapKit */,
			);
			productName = HorizontalScrollView;
			productReference = DA27537E2A3070390096B177 /* HorizontalScrollView.app */;
			productType = "com.apple.product-type.application";
		};
/* End PBXNativeTarget section */

/* Begin PBXProject section */
		DA2753762A3070390096B177 /* Project object */ = {
			isa = PBXProject;
			attributes = {
				BuildIndependentTargetsInParallel = 1;
				LastSwiftUpdateCheck = 1430;
				LastUpgradeCheck = 1430;
				TargetAttributes = {
					DA27537D2A3070390096B177 = {
						CreatedOnToolsVersion = 14.3;
					};
				};
			};
			buildConfigurationList = DA2753792A3070390096B177 /* Build configuration list for PBXProject "HorizontalScrollView" */;
			compatibilityVersion = "Xcode 14.0";
			developmentRegion = en;
			hasScannedForEncodings = 0;
			knownRegions = (
				en,
				Base,
			);
			mainGroup = DA2753752A3070390096B177;
			packageReferences = (
				DAFF06762A32FCFA006E57D5 /* XCRemoteSwiftPackageReference "Then" */,
				DAFF06792A32FD0B006E57D5 /* XCRemoteSwiftPackageReference "SnapKit" */,
			);
			productRefGroup = DA27537F2A3070390096B177 /* Products */;
			projectDirPath = "";
			projectRoot = "";
			targets = (
				DA27537D2A3070390096B177 /* HorizontalScrollView */,
			);
		};
/* End PBXProject section */

/* Begin PBXResourcesBuildPhase section */
		DA27537C2A3070390096B177 /* Resources */ = {
			isa = PBXResourcesBuildPhase;
			buildActionMask = 2147483647;
			files = (
				DA27538E2A30703B0096B177 /* LaunchScreen.storyboard in Resources */,
				DA27538B2A30703B0096B177 /* Assets.xcassets in Resources */,
				DA2753892A3070390096B177 /* Main.storyboard in Resources */,
			);
			runOnlyForDeploymentPostprocessing = 0;
		};
/* End PBXResourcesBuildPhase section */

/* Begin PBXSourcesBuildPhase section */
		DA27537A2A3070390096B177 /* Sources */ = {
			isa = PBXSourcesBuildPhase;
			buildActionMask = 2147483647;
			files = (
				DAFF06912A36E60C006E57D5 /* AdaptivePagingScrollView.swift in Sources */,
				DA2753A32A316DF00096B177 /* UIViewController+Extension.swift in Sources */,
				DAFF068B2A36E5E1006E57D5 /* Color+Ext.swift in Sources */,
				DA2753A52A316E7D0096B177 /* HorizontalScrollViewController.swift in Sources */,
				DA2753822A3070390096B177 /* AppDelegate.swift in Sources */,
				DA27539C2A31655A0096B177 /* HorizontalScrollView.swift in Sources */,
				DA2753842A3070390096B177 /* SceneDelegate.swift in Sources */,
				DA27539E2A3165790096B177 /* HorizontalScrollHostingController.swift in Sources */,
				DAFF06992A36FEA4006E57D5 /* ImageCardView.swift in Sources */,
				DAFF06752A32FC57006E57D5 /* CardView.swift in Sources */,
				DA2753A02A316C430096B177 /* MainViewController.swift in Sources */,
				DAFF068D2A36E5F9006E57D5 /* PageControl.swift in Sources */,
				DAFF069F2A395B0A006E57D5 /* CardCollectionViewFlow.swift in Sources */,
				DAFF067D2A32FD66006E57D5 /* UIVIew+Extension.swift in Sources */,
			);
			runOnlyForDeploymentPostprocessing = 0;
		};
/* End PBXSourcesBuildPhase section */

/* Begin PBXVariantGroup section */
		DA2753872A3070390096B177 /* Main.storyboard */ = {
			isa = PBXVariantGroup;
			children = (
				DA2753882A3070390096B177 /* Base */,
			);
			name = Main.storyboard;
			sourceTree = "<group>";
		};
		DA27538C2A30703B0096B177 /* LaunchScreen.storyboard */ = {
			isa = PBXVariantGroup;
			children = (
				DA27538D2A30703B0096B177 /* Base */,
			);
			name = LaunchScreen.storyboard;
			sourceTree = "<group>";
		};
/* End PBXVariantGroup section */

/* Begin XCBuildConfiguration section */
		DA2753902A30703B0096B177 /* Debug */ = {
			isa = XCBuildConfiguration;
			buildSettings = {
				ALWAYS_SEARCH_USER_PATHS = NO;
				CLANG_ANALYZER_NONNULL = YES;
				CLANG_ANALYZER_NUMBER_OBJECT_CONVERSION = YES_AGGRESSIVE;
				CLANG_CXX_LANGUAGE_STANDARD = "gnu++20";
				CLANG_ENABLE_MODULES = YES;
				CLANG_ENABLE_OBJC_ARC = YES;
				CLANG_ENABLE_OBJC_WEAK = YES;
				CLANG_WARN_BLOCK_CAPTURE_AUTORELEASING = YES;
				CLANG_WARN_BOOL_CONVERSION = YES;
				CLANG_WARN_COMMA = YES;
				CLANG_WARN_CONSTANT_CONVERSION = YES;
				CLANG_WARN_DEPRECATED_OBJC_IMPLEMENTATIONS = YES;
				CLANG_WARN_DIRECT_OBJC_ISA_USAGE = YES_ERROR;
				CLANG_WARN_DOCUMENTATION_COMMENTS = YES;
				CLANG_WARN_EMPTY_BODY = YES;
				CLANG_WARN_ENUM_CONVERSION = YES;
				CLANG_WARN_INFINITE_RECURSION = YES;
				CLANG_WARN_INT_CONVERSION = YES;
				CLANG_WARN_NON_LITERAL_NULL_CONVERSION = YES;
				CLANG_WARN_OBJC_IMPLICIT_RETAIN_SELF = YES;
				CLANG_WARN_OBJC_LITERAL_CONVERSION = YES;
				CLANG_WARN_OBJC_ROOT_CLASS = YES_ERROR;
				CLANG_WARN_QUOTED_INCLUDE_IN_FRAMEWORK_HEADER = YES;
				CLANG_WARN_RANGE_LOOP_ANALYSIS = YES;
				CLANG_WARN_STRICT_PROTOTYPES = YES;
				CLANG_WARN_SUSPICIOUS_MOVE = YES;
				CLANG_WARN_UNGUARDED_AVAILABILITY = YES_AGGRESSIVE;
				CLANG_WARN_UNREACHABLE_CODE = YES;
				CLANG_WARN__DUPLICATE_METHOD_MATCH = YES;
				COPY_PHASE_STRIP = NO;
				DEBUG_INFORMATION_FORMAT = dwarf;
				ENABLE_STRICT_OBJC_MSGSEND = YES;
				ENABLE_TESTABILITY = YES;
				GCC_C_LANGUAGE_STANDARD = gnu11;
				GCC_DYNAMIC_NO_PIC = NO;
				GCC_NO_COMMON_BLOCKS = YES;
				GCC_OPTIMIZATION_LEVEL = 0;
				GCC_PREPROCESSOR_DEFINITIONS = (
					"DEBUG=1",
					"$(inherited)",
				);
				GCC_WARN_64_TO_32_BIT_CONVERSION = YES;
				GCC_WARN_ABOUT_RETURN_TYPE = YES_ERROR;
				GCC_WARN_UNDECLARED_SELECTOR = YES;
				GCC_WARN_UNINITIALIZED_AUTOS = YES_AGGRESSIVE;
				GCC_WARN_UNUSED_FUNCTION = YES;
				GCC_WARN_UNUSED_VARIABLE = YES;
				IPHONEOS_DEPLOYMENT_TARGET = 16.4;
				MTL_ENABLE_DEBUG_INFO = INCLUDE_SOURCE;
				MTL_FAST_MATH = YES;
				ONLY_ACTIVE_ARCH = YES;
				SDKROOT = iphoneos;
				SWIFT_ACTIVE_COMPILATION_CONDITIONS = DEBUG;
				SWIFT_OPTIMIZATION_LEVEL = "-Onone";
			};
			name = Debug;
		};
		DA2753912A30703B0096B177 /* Release */ = {
			isa = XCBuildConfiguration;
			buildSettings = {
				ALWAYS_SEARCH_USER_PATHS = NO;
				CLANG_ANALYZER_NONNULL = YES;
				CLANG_ANALYZER_NUMBER_OBJECT_CONVERSION = YES_AGGRESSIVE;
				CLANG_CXX_LANGUAGE_STANDARD = "gnu++20";
				CLANG_ENABLE_MODULES = YES;
				CLANG_ENABLE_OBJC_ARC = YES;
				CLANG_ENABLE_OBJC_WEAK = YES;
				CLANG_WARN_BLOCK_CAPTURE_AUTORELEASING = YES;
				CLANG_WARN_BOOL_CONVERSION = YES;
				CLANG_WARN_COMMA = YES;
				CLANG_WARN_CONSTANT_CONVERSION = YES;
				CLANG_WARN_DEPRECATED_OBJC_IMPLEMENTATIONS = YES;
				CLANG_WARN_DIRECT_OBJC_ISA_USAGE = YES_ERROR;
				CLANG_WARN_DOCUMENTATION_COMMENTS = YES;
				CLANG_WARN_EMPTY_BODY = YES;
				CLANG_WARN_ENUM_CONVERSION = YES;
				CLANG_WARN_INFINITE_RECURSION = YES;
				CLANG_WARN_INT_CONVERSION = YES;
				CLANG_WARN_NON_LITERAL_NULL_CONVERSION = YES;
				CLANG_WARN_OBJC_IMPLICIT_RETAIN_SELF = YES;
				CLANG_WARN_OBJC_LITERAL_CONVERSION = YES;
				CLANG_WARN_OBJC_ROOT_CLASS = YES_ERROR;
				CLANG_WARN_QUOTED_INCLUDE_IN_FRAMEWORK_HEADER = YES;
				CLANG_WARN_RANGE_LOOP_ANALYSIS = YES;
				CLANG_WARN_STRICT_PROTOTYPES = YES;
				CLANG_WARN_SUSPICIOUS_MOVE = YES;
				CLANG_WARN_UNGUARDED_AVAILABILITY = YES_AGGRESSIVE;
				CLANG_WARN_UNREACHABLE_CODE = YES;
				CLANG_WARN__DUPLICATE_METHOD_MATCH = YES;
				COPY_PHASE_STRIP = NO;
				DEBUG_INFORMATION_FORMAT = "dwarf-with-dsym";
				ENABLE_NS_ASSERTIONS = NO;
				ENABLE_STRICT_OBJC_MSGSEND = YES;
				GCC_C_LANGUAGE_STANDARD = gnu11;
				GCC_NO_COMMON_BLOCKS = YES;
				GCC_WARN_64_TO_32_BIT_CONVERSION = YES;
				GCC_WARN_ABOUT_RETURN_TYPE = YES_ERROR;
				GCC_WARN_UNDECLARED_SELECTOR = YES;
				GCC_WARN_UNINITIALIZED_AUTOS = YES_AGGRESSIVE;
				GCC_WARN_UNUSED_FUNCTION = YES;
				GCC_WARN_UNUSED_VARIABLE = YES;
				IPHONEOS_DEPLOYMENT_TARGET = 16.4;
				MTL_ENABLE_DEBUG_INFO = NO;
				MTL_FAST_MATH = YES;
				SDKROOT = iphoneos;
				SWIFT_COMPILATION_MODE = wholemodule;
				SWIFT_OPTIMIZATION_LEVEL = "-O";
				VALIDATE_PRODUCT = YES;
			};
			name = Release;
		};
		DA2753932A30703B0096B177 /* Debug */ = {
			isa = XCBuildConfiguration;
			buildSettings = {
				ASSETCATALOG_COMPILER_APPICON_NAME = AppIcon;
				ASSETCATALOG_COMPILER_GLOBAL_ACCENT_COLOR_NAME = AccentColor;
				CODE_SIGN_STYLE = Automatic;
				CURRENT_PROJECT_VERSION = 1;
				DEVELOPMENT_TEAM = DCPR5HD8KC;
				GENERATE_INFOPLIST_FILE = YES;
				INFOPLIST_FILE = HorizontalScrollView/Info.plist;
				INFOPLIST_KEY_UIApplicationSupportsIndirectInputEvents = YES;
				INFOPLIST_KEY_UILaunchStoryboardName = LaunchScreen;
				INFOPLIST_KEY_UIMainStoryboardFile = Main;
				INFOPLIST_KEY_UISupportedInterfaceOrientations = "UIInterfaceOrientationLandscapeLeft UIInterfaceOrientationLandscapeRight UIInterfaceOrientationPortrait";
				INFOPLIST_KEY_UISupportedInterfaceOrientations_iPad = "UIInterfaceOrientationLandscapeLeft UIInterfaceOrientationLandscapeRight UIInterfaceOrientationPortrait UIInterfaceOrientationPortraitUpsideDown";
				IPHONEOS_DEPLOYMENT_TARGET = 13.4;
				LD_RUNPATH_SEARCH_PATHS = (
					"$(inherited)",
					"@executable_path/Frameworks",
				);
				MARKETING_VERSION = 1.0;
				PRODUCT_BUNDLE_IDENTIFIER = com.sga.yuri.HorizontalScrollView;
				PRODUCT_NAME = "$(TARGET_NAME)";
				SWIFT_EMIT_LOC_STRINGS = YES;
				SWIFT_VERSION = 5.0;
				TARGETED_DEVICE_FAMILY = "1,2";
			};
			name = Debug;
		};
		DA2753942A30703B0096B177 /* Release */ = {
			isa = XCBuildConfiguration;
			buildSettings = {
				ASSETCATALOG_COMPILER_APPICON_NAME = AppIcon;
				ASSETCATALOG_COMPILER_GLOBAL_ACCENT_COLOR_NAME = AccentColor;
				CODE_SIGN_STYLE = Automatic;
				CURRENT_PROJECT_VERSION = 1;
				DEVELOPMENT_TEAM = DCPR5HD8KC;
				GENERATE_INFOPLIST_FILE = YES;
				INFOPLIST_FILE = HorizontalScrollView/Info.plist;
				INFOPLIST_KEY_UIApplicationSupportsIndirectInputEvents = YES;
				INFOPLIST_KEY_UILaunchStoryboardName = LaunchScreen;
				INFOPLIST_KEY_UIMainStoryboardFile = Main;
				INFOPLIST_KEY_UISupportedInterfaceOrientations = "UIInterfaceOrientationLandscapeLeft UIInterfaceOrientationLandscapeRight UIInterfaceOrientationPortrait";
				INFOPLIST_KEY_UISupportedInterfaceOrientations_iPad = "UIInterfaceOrientationLandscapeLeft UIInterfaceOrientationLandscapeRight UIInterfaceOrientationPortrait UIInterfaceOrientationPortraitUpsideDown";
				IPHONEOS_DEPLOYMENT_TARGET = 13.4;
				LD_RUNPATH_SEARCH_PATHS = (
					"$(inherited)",
					"@executable_path/Frameworks",
				);
				MARKETING_VERSION = 1.0;
				PRODUCT_BUNDLE_IDENTIFIER = com.sga.yuri.HorizontalScrollView;
				PRODUCT_NAME = "$(TARGET_NAME)";
				SWIFT_EMIT_LOC_STRINGS = YES;
				SWIFT_VERSION = 5.0;
				TARGETED_DEVICE_FAMILY = "1,2";
			};
			name = Release;
		};
/* End XCBuildConfiguration section */

/* Begin XCConfigurationList section */
		DA2753792A3070390096B177 /* Build configuration list for PBXProject "HorizontalScrollView" */ = {
			isa = XCConfigurationList;
			buildConfigurations = (
				DA2753902A30703B0096B177 /* Debug */,
				DA2753912A30703B0096B177 /* Release */,
			);
			defaultConfigurationIsVisible = 0;
			defaultConfigurationName = Release;
		};
		DA2753922A30703B0096B177 /* Build configuration list for PBXNativeTarget "HorizontalScrollView" */ = {
			isa = XCConfigurationList;
			buildConfigurations = (
				DA2753932A30703B0096B177 /* Debug */,
				DA2753942A30703B0096B177 /* Release */,
			);
			defaultConfigurationIsVisible = 0;
			defaultConfigurationName = Release;
		};
/* End XCConfigurationList section */

/* Begin XCRemoteSwiftPackageReference section */
		DAFF06762A32FCFA006E57D5 /* XCRemoteSwiftPackageReference "Then" */ = {
			isa = XCRemoteSwiftPackageReference;
			repositoryURL = "https://github.com/devxoul/Then";
			requirement = {
				kind = upToNextMajorVersion;
				minimumVersion = 3.0.0;
			};
		};
		DAFF06792A32FD0B006E57D5 /* XCRemoteSwiftPackageReference "SnapKit" */ = {
			isa = XCRemoteSwiftPackageReference;
			repositoryURL = "https://github.com/SnapKit/SnapKit.git";
			requirement = {
				kind = upToNextMajorVersion;
				minimumVersion = 5.0.0;
			};
		};
/* End XCRemoteSwiftPackageReference section */

/* Begin XCSwiftPackageProductDependency section */
		DAFF06772A32FCFA006E57D5 /* Then */ = {
			isa = XCSwiftPackageProductDependency;
			package = DAFF06762A32FCFA006E57D5 /* XCRemoteSwiftPackageReference "Then" */;
			productName = Then;
		};
		DAFF067A2A32FD0B006E57D5 /* SnapKit */ = {
			isa = XCSwiftPackageProductDependency;
			package = DAFF06792A32FD0B006E57D5 /* XCRemoteSwiftPackageReference "SnapKit" */;
			productName = SnapKit;
		};
/* End XCSwiftPackageProductDependency section */
	};
	rootObject = DA2753762A3070390096B177 /* Project object */;
}
